
Microsoft Visual Studio Solution File, Format Version 12.00
# Visual Studio Version 17
VisualStudioVersion = 17.0.31903.59
MinimumVisualStudioVersion = 10.0.40219.1
Project("{2150E333-8FDC-42A3-9474-1A3956D46DE8}") = "src", "src", "{827E0CD3-B72D-47B6-A68D-7590B98EB39B}"
EndProject
Project("{FAE04EC0-301F-11D3-BF4B-00C04F79EFBC}") = "NeoBanking.Api", "src\NeoBanking.Api\NeoBanking.Api.csproj", "{4BC0E5BD-E322-4756-BBC3-0F511E741D16}"
EndProject
Project("{FAE04EC0-301F-11D3-BF4B-00C04F79EFBC}") = "NeoBanking.Application", "src\NeoBanking.Application\NeoBanking.Application.csproj", "{629B7021-F2C7-4AC5-8990-4AB2DF6124A7}"
EndProject
Project("{FAE04EC0-301F-11D3-BF4B-00C04F79EFBC}") = "NeoBanking.Domain", "src\NeoBanking.Domain\NeoBanking.Domain.csproj", "{0CE3818D-D5AD-459D-8C93-F42F625D4B30}"
EndProject
Project("{FAE04EC0-301F-11D3-BF4B-00C04F79EFBC}") = "NeoBanking.Infrastructure", "src\NeoBanking.Infrastructure\NeoBanking.Infrastructure.csproj", "{A310BC4B-E6D2-471E-8F4F-E013119EB075}"
EndProject
Project("{FAE04EC0-301F-11D3-BF4B-00C04F79EFBC}") = "NeoBanking.Workers", "src\NeoBanking.Workers\NeoBanking.Workers.csproj", "{7F3D51F6-2672-4ACA-B560-86098591595B}"
EndProject
Project("{2150E333-8FDC-42A3-9474-1A3956D46DE8}") = "tests", "tests", "{0AB3BF05-4346-4AA6-1389-037BE0695223}"
EndProject
Project("{FAE04EC0-301F-11D3-BF4B-00C04F79EFBC}") = "NeoBanking.Tests", "tests\NeoBanking.Tests\NeoBanking.Tests.csproj", "{8B691422-5FE1-49AF-8AAD-7261D50819A3}"
EndProject
Project("{FAE04EC0-301F-11D3-BF4B-00C04F79EFBC}") = "NeoBanking.Api.Tests", "tests\NeoBanking.Api.Tests\NeoBanking.Api.Tests.csproj", "{2E6BE87B-0255-4177-B10C-086510443E97}"
EndProject
Global
	GlobalSection(SolutionConfigurationPlatforms) = preSolution
		Debug|Any CPU = Debug|Any CPU
		Debug|x64 = Debug|x64
		Debug|x86 = Debug|x86
		Release|Any CPU = Release|Any CPU
		Release|x64 = Release|x64
		Release|x86 = Release|x86
	EndGlobalSection
	GlobalSection(ProjectConfigurationPlatforms) = postSolution
		{4BC0E5BD-E322-4756-BBC3-0F511E741D16}.Debug|Any CPU.ActiveCfg = Debug|Any CPU
		{4BC0E5BD-E322-4756-BBC3-0F511E741D16}.Debug|Any CPU.Build.0 = Debug|Any CPU
		{4BC0E5BD-E322-4756-BBC3-0F511E741D16}.Debug|x64.ActiveCfg = Debug|Any CPU
		{4BC0E5BD-E322-4756-BBC3-0F511E741D16}.Debug|x64.Build.0 = Debug|Any CPU
		{4BC0E5BD-E322-4756-BBC3-0F511E741D16}.Debug|x86.ActiveCfg = Debug|Any CPU
		{4BC0E5BD-E322-4756-BBC3-0F511E741D16}.Debug|x86.Build.0 = Debug|Any CPU
		{4BC0E5BD-E322-4756-BBC3-0F511E741D16}.Release|Any CPU.ActiveCfg = Release|Any CPU
		{4BC0E5BD-E322-4756-BBC3-0F511E741D16}.Release|Any CPU.Build.0 = Release|Any CPU
		{4BC0E5BD-E322-4756-BBC3-0F511E741D16}.Release|x64.ActiveCfg = Release|Any CPU
		{4BC0E5BD-E322-4756-BBC3-0F511E741D16}.Release|x64.Build.0 = Release|Any CPU
		{4BC0E5BD-E322-4756-BBC3-0F511E741D16}.Release|x86.ActiveCfg = Release|Any CPU
		{4BC0E5BD-E322-4756-BBC3-0F511E741D16}.Release|x86.Build.0 = Release|Any CPU
		{629B7021-F2C7-4AC5-8990-4AB2DF6124A7}.Debug|Any CPU.ActiveCfg = Debug|Any CPU
		{629B7021-F2C7-4AC5-8990-4AB2DF6124A7}.Debug|Any CPU.Build.0 = Debug|Any CPU
		{629B7021-F2C7-4AC5-8990-4AB2DF6124A7}.Debug|x64.ActiveCfg = Debug|Any CPU
		{629B7021-F2C7-4AC5-8990-4AB2DF6124A7}.Debug|x64.Build.0 = Debug|Any CPU
		{629B7021-F2C7-4AC5-8990-4AB2DF6124A7}.Debug|x86.ActiveCfg = Debug|Any CPU
		{629B7021-F2C7-4AC5-8990-4AB2DF6124A7}.Debug|x86.Build.0 = Debug|Any CPU
		{629B7021-F2C7-4AC5-8990-4AB2DF6124A7}.Release|Any CPU.ActiveCfg = Release|Any CPU
		{629B7021-F2C7-4AC5-8990-4AB2DF6124A7}.Release|Any CPU.Build.0 = Release|Any CPU
		{629B7021-F2C7-4AC5-8990-4AB2DF6124A7}.Release|x64.ActiveCfg = Release|Any CPU
		{629B7021-F2C7-4AC5-8990-4AB2DF6124A7}.Release|x64.Build.0 = Release|Any CPU
		{629B7021-F2C7-4AC5-8990-4AB2DF6124A7}.Release|x86.ActiveCfg = Release|Any CPU
		{629B7021-F2C7-4AC5-8990-4AB2DF6124A7}.Release|x86.Build.0 = Release|Any CPU
		{0CE3818D-D5AD-459D-8C93-F42F625D4B30}.Debug|Any CPU.ActiveCfg = Debug|Any CPU
		{0CE3818D-D5AD-459D-8C93-F42F625D4B30}.Debug|Any CPU.Build.0 = Debug|Any CPU
		{0CE3818D-D5AD-459D-8C93-F42F625D4B30}.Debug|x64.ActiveCfg = Debug|Any CPU
		{0CE3818D-D5AD-459D-8C93-F42F625D4B30}.Debug|x64.Build.0 = Debug|Any CPU
		{0CE3818D-D5AD-459D-8C93-F42F625D4B30}.Debug|x86.ActiveCfg = Debug|Any CPU
		{0CE3818D-D5AD-459D-8C93-F42F625D4B30}.Debug|x86.Build.0 = Debug|Any CPU
		{0CE3818D-D5AD-459D-8C93-F42F625D4B30}.Release|Any CPU.ActiveCfg = Release|Any CPU
		{0CE3818D-D5AD-459D-8C93-F42F625D4B30}.Release|Any CPU.Build.0 = Release|Any CPU
		{0CE3818D-D5AD-459D-8C93-F42F625D4B30}.Release|x64.ActiveCfg = Release|Any CPU
		{0CE3818D-D5AD-459D-8C93-F42F625D4B30}.Release|x64.Build.0 = Release|Any CPU
		{0CE3818D-D5AD-459D-8C93-F42F625D4B30}.Release|x86.ActiveCfg = Release|Any CPU
		{0CE3818D-D5AD-459D-8C93-F42F625D4B30}.Release|x86.Build.0 = Release|Any CPU
		{A310BC4B-E6D2-471E-8F4F-E013119EB075}.Debug|Any CPU.ActiveCfg = Debug|Any CPU
		{A310BC4B-E6D2-471E-8F4F-E013119EB075}.Debug|Any CPU.Build.0 = Debug|Any CPU
		{A310BC4B-E6D2-471E-8F4F-E013119EB075}.Debug|x64.ActiveCfg = Debug|Any CPU
		{A310BC4B-E6D2-471E-8F4F-E013119EB075}.Debug|x64.Build.0 = Debug|Any CPU
		{A310BC4B-E6D2-471E-8F4F-E013119EB075}.Debug|x86.ActiveCfg = Debug|Any CPU
		{A310BC4B-E6D2-471E-8F4F-E013119EB075}.Debug|x86.Build.0 = Debug|Any CPU
		{A310BC4B-E6D2-471E-8F4F-E013119EB075}.Release|Any CPU.ActiveCfg = Release|Any CPU
		{A310BC4B-E6D2-471E-8F4F-E013119EB075}.Release|Any CPU.Build.0 = Release|Any CPU
		{A310BC4B-E6D2-471E-8F4F-E013119EB075}.Release|x64.ActiveCfg = Release|Any CPU
		{A310BC4B-E6D2-471E-8F4F-E013119EB075}.Release|x64.Build.0 = Release|Any CPU
		{A310BC4B-E6D2-471E-8F4F-E013119EB075}.Release|x86.ActiveCfg = Release|Any CPU
		{A310BC4B-E6D2-471E-8F4F-E013119EB075}.Release|x86.Build.0 = Release|Any CPU
		{7F3D51F6-2672-4ACA-B560-86098591595B}.Debug|Any CPU.ActiveCfg = Debug|Any CPU
		{7F3D51F6-2672-4ACA-B560-86098591595B}.Debug|Any CPU.Build.0 = Debug|Any CPU
		{7F3D51F6-2672-4ACA-B560-86098591595B}.Debug|x64.ActiveCfg = Debug|Any CPU
		{7F3D51F6-2672-4ACA-B560-86098591595B}.Debug|x64.Build.0 = Debug|Any CPU
		{7F3D51F6-2672-4ACA-B560-86098591595B}.Debug|x86.ActiveCfg = Debug|Any CPU
		{7F3D51F6-2672-4ACA-B560-86098591595B}.Debug|x86.Build.0 = Debug|Any CPU
		{7F3D51F6-2672-4ACA-B560-86098591595B}.Release|Any CPU.ActiveCfg = Release|Any CPU
		{7F3D51F6-2672-4ACA-B560-86098591595B}.Release|Any CPU.Build.0 = Release|Any CPU
		{7F3D51F6-2672-4ACA-B560-86098591595B}.Release|x64.ActiveCfg = Release|Any CPU
		{7F3D51F6-2672-4ACA-B560-86098591595B}.Release|x64.Build.0 = Release|Any CPU
		{7F3D51F6-2672-4ACA-B560-86098591595B}.Release|x86.ActiveCfg = Release|Any CPU
		{7F3D51F6-2672-4ACA-B560-86098591595B}.Release|x86.Build.0 = Release|Any CPU
		{8B691422-5FE1-49AF-8AAD-7261D50819A3}.Debug|Any CPU.ActiveCfg = Debug|Any CPU
		{8B691422-5FE1-49AF-8AAD-7261D50819A3}.Debug|Any CPU.Build.0 = Debug|Any CPU
		{8B691422-5FE1-49AF-8AAD-7261D50819A3}.Debug|x64.ActiveCfg = Debug|Any CPU
		{8B691422-5FE1-49AF-8AAD-7261D50819A3}.Debug|x64.Build.0 = Debug|Any CPU
		{8B691422-5FE1-49AF-8AAD-7261D50819A3}.Debug|x86.ActiveCfg = Debug|Any CPU
		{8B691422-5FE1-49AF-8AAD-7261D50819A3}.Debug|x86.Build.0 = Debug|Any CPU
		{8B691422-5FE1-49AF-8AAD-7261D50819A3}.Release|Any CPU.ActiveCfg = Release|Any CPU
		{8B691422-5FE1-49AF-8AAD-7261D50819A3}.Release|Any CPU.Build.0 = Release|Any CPU
		{8B691422-5FE1-49AF-8AAD-7261D50819A3}.Release|x64.ActiveCfg = Release|Any CPU
		{8B691422-5FE1-49AF-8AAD-7261D50819A3}.Release|x64.Build.0 = Release|Any CPU
		{8B691422-5FE1-49AF-8AAD-7261D50819A3}.Release|x86.ActiveCfg = Release|Any CPU
		{8B691422-5FE1-49AF-8AAD-7261D50819A3}.Release|x86.Build.0 = Release|Any CPU
		{2E6BE87B-0255-4177-B10C-086510443E97}.Debug|Any CPU.ActiveCfg = Debug|Any CPU
		{2E6BE87B-0255-4177-B10C-086510443E97}.Debug|Any CPU.Build.0 = Debug|Any CPU
		{2E6BE87B-0255-4177-B10C-086510443E97}.Debug|x64.ActiveCfg = Debug|Any CPU
		{2E6BE87B-0255-4177-B10C-086510443E97}.Debug|x64.Build.0 = Debug|Any CPU
		{2E6BE87B-0255-4177-B10C-086510443E97}.Debug|x86.ActiveCfg = Debug|Any CPU
		{2E6BE87B-0255-4177-B10C-086510443E97}.Debug|x86.Build.0 = Debug|Any CPU
		{2E6BE87B-0255-4177-B10C-086510443E97}.Release|Any CPU.ActiveCfg = Release|Any CPU
		{2E6BE87B-0255-4177-B10C-086510443E97}.Release|Any CPU.Build.0 = Release|Any CPU
		{2E6BE87B-0255-4177-B10C-086510443E97}.Release|x64.ActiveCfg = Release|Any CPU
		{2E6BE87B-0255-4177-B10C-086510443E97}.Release|x64.Build.0 = Release|Any CPU
		{2E6BE87B-0255-4177-B10C-086510443E97}.Release|x86.ActiveCfg = Release|Any CPU
		{2E6BE87B-0255-4177-B10C-086510443E97}.Release|x86.Build.0 = Release|Any CPU
	EndGlobalSection
	GlobalSection(SolutionProperties) = preSolution
		HideSolutionNode = FALSE
	EndGlobalSection
	GlobalSection(NestedProjects) = preSolution
		{4BC0E5BD-E322-4756-BBC3-0F511E741D16} = {827E0CD3-B72D-47B6-A68D-7590B98EB39B}
		{629B7021-F2C7-4AC5-8990-4AB2DF6124A7} = {827E0CD3-B72D-47B6-A68D-7590B98EB39B}
		{0CE3818D-D5AD-459D-8C93-F42F625D4B30} = {827E0CD3-B72D-47B6-A68D-7590B98EB39B}
		{A310BC4B-E6D2-471E-8F4F-E013119EB075} = {827E0CD3-B72D-47B6-A68D-7590B98EB39B}
		{7F3D51F6-2672-4ACA-B560-86098591595B} = {827E0CD3-B72D-47B6-A68D-7590B98EB39B}
		{8B691422-5FE1-49AF-8AAD-7261D50819A3} = {0AB3BF05-4346-4AA6-1389-037BE0695223}
		{2E6BE87B-0255-4177-B10C-086510443E97} = {0AB3BF05-4346-4AA6-1389-037BE0695223}
	EndGlobalSection
EndGlobal
